// !$*UTF8*$!
{
	archiveVersion = 1;
	classes = {
	};
	objectVersion = 55;
	objects = {

/* Begin PBXBuildFile section */
		906D95BB4D75E20783D056E5 /* Pods_4th_Seminar_re.framework in Frameworks */ = {isa = PBXBuildFile; fileRef = 84C70A43066D703E2F4FEE6E /* Pods_4th_Seminar_re.framework */; };
		DD67F6D3282E822300F5EF41 /* UserService.swift in Sources */ = {isa = PBXBuildFile; fileRef = DD67F6D2282E822300F5EF41 /* UserService.swift */; };
		DDC6AEA2282C95F9003E35F2 /* AppDelegate.swift in Sources */ = {isa = PBXBuildFile; fileRef = DDC6AEA1282C95F9003E35F2 /* AppDelegate.swift */; };
		DDC6AEA4282C95F9003E35F2 /* SceneDelegate.swift in Sources */ = {isa = PBXBuildFile; fileRef = DDC6AEA3282C95F9003E35F2 /* SceneDelegate.swift */; };
		DDC6AEA6282C95F9003E35F2 /* ViewController.swift in Sources */ = {isa = PBXBuildFile; fileRef = DDC6AEA5282C95F9003E35F2 /* ViewController.swift */; };
		DDC6AEA9282C95F9003E35F2 /* Main.storyboard in Resources */ = {isa = PBXBuildFile; fileRef = DDC6AEA7282C95F9003E35F2 /* Main.storyboard */; };
		DDC6AEAB282C95FB003E35F2 /* Assets.xcassets in Resources */ = {isa = PBXBuildFile; fileRef = DDC6AEAA282C95FB003E35F2 /* Assets.xcassets */; };
		DDC6AEAE282C95FB003E35F2 /* LaunchScreen.storyboard in Resources */ = {isa = PBXBuildFile; fileRef = DDC6AEAC282C95FB003E35F2 /* LaunchScreen.storyboard */; };
		DDC6AEB6282CE68D003E35F2 /* APIConstants.swift in Sources */ = {isa = PBXBuildFile; fileRef = DDC6AEB5282CE68D003E35F2 /* APIConstants.swift */; };
		DDC6AEB8282CE7D4003E35F2 /* NetworkResult.swift in Sources */ = {isa = PBXBuildFile; fileRef = DDC6AEB7282CE7D4003E35F2 /* NetworkResult.swift */; };
		DDC6AEBA282D0160003E35F2 /* LoginModel.swift in Sources */ = {isa = PBXBuildFile; fileRef = DDC6AEB9282D015F003E35F2 /* LoginModel.swift */; };
/* End PBXBuildFile section */

/* Begin PBXFileReference section */
		04F0A15B5BA0C705B55FEDE4 /* Pods-4th-Seminar-re.release.xcconfig */ = {isa = PBXFileReference; includeInIndex = 1; lastKnownFileType = text.xcconfig; name = "Pods-4th-Seminar-re.release.xcconfig"; path = "Target Support Files/Pods-4th-Seminar-re/Pods-4th-Seminar-re.release.xcconfig"; sourceTree = "<group>"; };
		84C70A43066D703E2F4FEE6E /* Pods_4th_Seminar_re.framework */ = {isa = PBXFileReference; explicitFileType = wrapper.framework; includeInIndex = 0; path = Pods_4th_Seminar_re.framework; sourceTree = BUILT_PRODUCTS_DIR; };
		D823E493D3F71A5D2C876AD2 /* Pods-4th-Seminar-re.debug.xcconfig */ = {isa = PBXFileReference; includeInIndex = 1; lastKnownFileType = text.xcconfig; name = "Pods-4th-Seminar-re.debug.xcconfig"; path = "Target Support Files/Pods-4th-Seminar-re/Pods-4th-Seminar-re.debug.xcconfig"; sourceTree = "<group>"; };
		DD67F6D2282E822300F5EF41 /* UserService.swift */ = {isa = PBXFileReference; lastKnownFileType = sourcecode.swift; path = UserService.swift; sourceTree = "<group>"; };
		DDC6AE9E282C95F9003E35F2 /* 4th-Seminar-re.app */ = {isa = PBXFileReference; explicitFileType = wrapper.application; includeInIndex = 0; path = "4th-Seminar-re.app"; sourceTree = BUILT_PRODUCTS_DIR; };
		DDC6AEA1282C95F9003E35F2 /* AppDelegate.swift */ = {isa = PBXFileReference; lastKnownFileType = sourcecode.swift; path = AppDelegate.swift; sourceTree = "<group>"; };
		DDC6AEA3282C95F9003E35F2 /* SceneDelegate.swift */ = {isa = PBXFileReference; lastKnownFileType = sourcecode.swift; path = SceneDelegate.swift; sourceTree = "<group>"; };
		DDC6AEA5282C95F9003E35F2 /* ViewController.swift */ = {isa = PBXFileReference; lastKnownFileType = sourcecode.swift; path = ViewController.swift; sourceTree = "<group>"; };
		DDC6AEA8282C95F9003E35F2 /* Base */ = {isa = PBXFileReference; lastKnownFileType = file.storyboard; name = Base; path = Base.lproj/Main.storyboard; sourceTree = "<group>"; };
		DDC6AEAA282C95FB003E35F2 /* Assets.xcassets */ = {isa = PBXFileReference; lastKnownFileType = folder.assetcatalog; path = Assets.xcassets; sourceTree = "<group>"; };
		DDC6AEAD282C95FB003E35F2 /* Base */ = {isa = PBXFileReference; lastKnownFileType = file.storyboard; name = Base; path = Base.lproj/LaunchScreen.storyboard; sourceTree = "<group>"; };
		DDC6AEAF282C95FB003E35F2 /* Info.plist */ = {isa = PBXFileReference; lastKnownFileType = text.plist.xml; path = Info.plist; sourceTree = "<group>"; };
		DDC6AEB5282CE68D003E35F2 /* APIConstants.swift */ = {isa = PBXFileReference; lastKnownFileType = sourcecode.swift; path = APIConstants.swift; sourceTree = "<group>"; };
		DDC6AEB7282CE7D4003E35F2 /* NetworkResult.swift */ = {isa = PBXFileReference; lastKnownFileType = sourcecode.swift; path = NetworkResult.swift; sourceTree = "<group>"; };
		DDC6AEB9282D015F003E35F2 /* LoginModel.swift */ = {isa = PBXFileReference; lastKnownFileType = sourcecode.swift; path = LoginModel.swift; sourceTree = "<group>"; };
/* End PBXFileReference section */

/* Begin PBXFrameworksBuildPhase section */
		DDC6AE9B282C95F9003E35F2 /* Frameworks */ = {
			isa = PBXFrameworksBuildPhase;
			buildActionMask = 2147483647;
			files = (
				906D95BB4D75E20783D056E5 /* Pods_4th_Seminar_re.framework in Frameworks */,
			);
			runOnlyForDeploymentPostprocessing = 0;
		};
/* End PBXFrameworksBuildPhase section */

/* Begin PBXGroup section */
		98D9423E277FED4173E038FE /* Pods */ = {
			isa = PBXGroup;
			children = (
				D823E493D3F71A5D2C876AD2 /* Pods-4th-Seminar-re.debug.xcconfig */,
				04F0A15B5BA0C705B55FEDE4 /* Pods-4th-Seminar-re.release.xcconfig */,
			);
			path = Pods;
			sourceTree = "<group>";
		};
		AA74BBC44E275F89035ADAB3 /* Frameworks */ = {
			isa = PBXGroup;
			children = (
				84C70A43066D703E2F4FEE6E /* Pods_4th_Seminar_re.framework */,
			);
			name = Frameworks;
			sourceTree = "<group>";
		};
		DDC6AE95282C95F9003E35F2 = {
			isa = PBXGroup;
			children = (
				DDC6AEA0282C95F9003E35F2 /* 4th-Seminar-re */,
				DDC6AE9F282C95F9003E35F2 /* Products */,
				98D9423E277FED4173E038FE /* Pods */,
				AA74BBC44E275F89035ADAB3 /* Frameworks */,
			);
			sourceTree = "<group>";
		};
		DDC6AE9F282C95F9003E35F2 /* Products */ = {
			isa = PBXGroup;
			children = (
				DDC6AE9E282C95F9003E35F2 /* 4th-Seminar-re.app */,
			);
			name = Products;
			sourceTree = "<group>";
		};
		DDC6AEA0282C95F9003E35F2 /* 4th-Seminar-re */ = {
			isa = PBXGroup;
			children = (
				DDC6AEA1282C95F9003E35F2 /* AppDelegate.swift */,
				DDC6AEA3282C95F9003E35F2 /* SceneDelegate.swift */,
				DDC6AEA5282C95F9003E35F2 /* ViewController.swift */,
				DDC6AEB5282CE68D003E35F2 /* APIConstants.swift */,
				DD67F6D2282E822300F5EF41 /* UserService.swift */,
				DDC6AEB7282CE7D4003E35F2 /* NetworkResult.swift */,
				DDC6AEB9282D015F003E35F2 /* LoginModel.swift */,
				DDC6AEA7282C95F9003E35F2 /* Main.storyboard */,
				DDC6AEAA282C95FB003E35F2 /* Assets.xcassets */,
				DDC6AEAC282C95FB003E35F2 /* LaunchScreen.storyboard */,
				DDC6AEAF282C95FB003E35F2 /* Info.plist */,
			);
			path = "4th-Seminar-re";
			sourceTree = "<group>";
		};
/* End PBXGroup section */

/* Begin PBXNativeTarget section */
		DDC6AE9D282C95F9003E35F2 /* 4th-Seminar-re */ = {
			isa = PBXNativeTarget;
			buildConfigurationList = DDC6AEB2282C95FB003E35F2 /* Build configuration list for PBXNativeTarget "4th-Seminar-re" */;
			buildPhases = (
				9CCAF2A69049928C3CF38896 /* [CP] Check Pods Manifest.lock */,
				DDC6AE9A282C95F9003E35F2 /* Sources */,
				DDC6AE9B282C95F9003E35F2 /* Frameworks */,
				DDC6AE9C282C95F9003E35F2 /* Resources */,
				1F6E602B0216C177CB276315 /* [CP] Embed Pods Frameworks */,
			);
			buildRules = (
			);
			dependencies = (
			);
			name = "4th-Seminar-re";
			productName = "4th-Seminar-re";
			productReference = DDC6AE9E282C95F9003E35F2 /* 4th-Seminar-re.app */;
			productType = "com.apple.product-type.application";
		};
/* End PBXNativeTarget section */

/* Begin PBXProject section */
		DDC6AE96282C95F9003E35F2 /* Project object */ = {
			isa = PBXProject;
			attributes = {
				BuildIndependentTargetsInParallel = 1;
				LastSwiftUpdateCheck = 1320;
				LastUpgradeCheck = 1320;
				TargetAttributes = {
					DDC6AE9D282C95F9003E35F2 = {
						CreatedOnToolsVersion = 13.2.1;
					};
				};
			};
			buildConfigurationList = DDC6AE99282C95F9003E35F2 /* Build configuration list for PBXProject "4th-Seminar-re" */;
			compatibilityVersion = "Xcode 13.0";
			developmentRegion = en;
			hasScannedForEncodings = 0;
			knownRegions = (
				en,
				Base,
			);
			mainGroup = DDC6AE95282C95F9003E35F2;
			productRefGroup = DDC6AE9F282C95F9003E35F2 /* Products */;
			projectDirPath = "";
			projectRoot = "";
			targets = (
				DDC6AE9D282C95F9003E35F2 /* 4th-Seminar-re */,
			);
		};
/* End PBXProject section */

/* Begin PBXResourcesBuildPhase section */
		DDC6AE9C282C95F9003E35F2 /* Resources */ = {
			isa = PBXResourcesBuildPhase;
			buildActionMask = 2147483647;
			files = (
				DDC6AEAE282C95FB003E35F2 /* LaunchScreen.storyboard in Resources */,
				DDC6AEAB282C95FB003E35F2 /* Assets.xcassets in Resources */,
				DDC6AEA9282C95F9003E35F2 /* Main.storyboard in Resources */,
			);
			runOnlyForDeploymentPostprocessing = 0;
		};
/* End PBXResourcesBuildPhase section */

/* Begin PBXShellScriptBuildPhase section */
		1F6E602B0216C177CB276315 /* [CP] Embed Pods Frameworks */ = {
			isa = PBXShellScriptBuildPhase;
			buildActionMask = 2147483647;
			files = (
			);
			inputFileListPaths = (
				"${PODS_ROOT}/Target Support Files/Pods-4th-Seminar-re/Pods-4th-Seminar-re-frameworks-${CONFIGURATION}-input-files.xcfilelist",
			);
			name = "[CP] Embed Pods Frameworks";
			outputFileListPaths = (
				"${PODS_ROOT}/Target Support Files/Pods-4th-Seminar-re/Pods-4th-Seminar-re-frameworks-${CONFIGURATION}-output-files.xcfilelist",
			);
			runOnlyForDeploymentPostprocessing = 0;
			shellPath = /bin/sh;
			shellScript = "\"${PODS_ROOT}/Target Support Files/Pods-4th-Seminar-re/Pods-4th-Seminar-re-frameworks.sh\"\n";
			showEnvVarsInLog = 0;
		};
		9CCAF2A69049928C3CF38896 /* [CP] Check Pods Manifest.lock */ = {
			isa = PBXShellScriptBuildPhase;
			buildActionMask = 2147483647;
			files = (
			);
			inputFileListPaths = (
			);
			inputPaths = (
				"${PODS_PODFILE_DIR_PATH}/Podfile.lock",
				"${PODS_ROOT}/Manifest.lock",
			);
			name = "[CP] Check Pods Manifest.lock";
			outputFileListPaths = (
			);
			outputPaths = (
				"$(DERIVED_FILE_DIR)/Pods-4th-Seminar-re-checkManifestLockResult.txt",
			);
			runOnlyForDeploymentPostprocessing = 0;
			shellPath = /bin/sh;
			shellScript = "diff \"${PODS_PODFILE_DIR_PATH}/Podfile.lock\" \"${PODS_ROOT}/Manifest.lock\" > /dev/null\nif [ $? != 0 ] ; then\n    # print error to STDERR\n    echo \"error: The sandbox is not in sync with the Podfile.lock. Run 'pod install' or update your CocoaPods installation.\" >&2\n    exit 1\nfi\n# This output is used by Xcode 'outputs' to avoid re-running this script phase.\necho \"SUCCESS\" > \"${SCRIPT_OUTPUT_FILE_0}\"\n";
			showEnvVarsInLog = 0;
		};
/* End PBXShellScriptBuildPhase section */

/* Begin PBXSourcesBuildPhase section */
		DDC6AE9A282C95F9003E35F2 /* Sources */ = {
			isa = PBXSourcesBuildPhase;
			buildActionMask = 2147483647;
			files = (
				DD67F6D3282E822300F5EF41 /* UserService.swift in Sources */,
				DDC6AEB6282CE68D003E35F2 /* APIConstants.swift in Sources */,
				DDC6AEBA282D0160003E35F2 /* LoginModel.swift in Sources */,
				DDC6AEB8282CE7D4003E35F2 /* NetworkResult.swift in Sources */,
				DDC6AEA6282C95F9003E35F2 /* ViewController.swift in Sources */,
				DDC6AEA2282C95F9003E35F2 /* AppDelegate.swift in Sources */,
				DDC6AEA4282C95F9003E35F2 /* SceneDelegate.swift in Sources */,
			);
			runOnlyForDeploymentPostprocessing = 0;
		};
/* End PBXSourcesBuildPhase section */

/* Begin PBXVariantGroup section */
		DDC6AEA7282C95F9003E35F2 /* Main.storyboard */ = {
			isa = PBXVariantGroup;
			children = (
				DDC6AEA8282C95F9003E35F2 /* Base */,
			);
			name = Main.storyboard;
			sourceTree = "<group>";
		};
		DDC6AEAC282C95FB003E35F2 /* LaunchScreen.storyboard */ = {
			isa = PBXVariantGroup;
			children = (
				DDC6AEAD282C95FB003E35F2 /* Base */,
			);
			name = LaunchScreen.storyboard;
			sourceTree = "<group>";
		};
/* End PBXVariantGroup section */

/* Begin XCBuildConfiguration section */
		DDC6AEB0282C95FB003E35F2 /* Debug */ = {
			isa = XCBuildConfiguration;
			buildSettings = {
				ALWAYS_SEARCH_USER_PATHS = NO;
				CLANG_ANALYZER_NONNULL = YES;
				CLANG_ANALYZER_NUMBER_OBJECT_CONVERSION = YES_AGGRESSIVE;
				CLANG_CXX_LANGUAGE_STANDARD = "gnu++17";
				CLANG_CXX_LIBRARY = "libc++";
				CLANG_ENABLE_MODULES = YES;
				CLANG_ENABLE_OBJC_ARC = YES;
				CLANG_ENABLE_OBJC_WEAK = YES;
				CLANG_WARN_BLOCK_CAPTURE_AUTORELEASING = YES;
				CLANG_WARN_BOOL_CONVERSION = YES;
				CLANG_WARN_COMMA = YES;
				CLANG_WARN_CONSTANT_CONVERSION = YES;
				CLANG_WARN_DEPRECATED_OBJC_IMPLEMENTATIONS = YES;
				CLANG_WARN_DIRECT_OBJC_ISA_USAGE = YES_ERROR;
				CLANG_WARN_DOCUMENTATION_COMMENTS = YES;
				CLANG_WARN_EMPTY_BODY = YES;
				CLANG_WARN_ENUM_CONVERSION = YES;
				CLANG_WARN_INFINITE_RECURSION = YES;
				CLANG_WARN_INT_CONVERSION = YES;
				CLANG_WARN_NON_LITERAL_NULL_CONVERSION = YES;
				CLANG_WARN_OBJC_IMPLICIT_RETAIN_SELF = YES;
				CLANG_WARN_OBJC_LITERAL_CONVERSION = YES;
				CLANG_WARN_OBJC_ROOT_CLASS = YES_ERROR;
				CLANG_WARN_QUOTED_INCLUDE_IN_FRAMEWORK_HEADER = YES;
				CLANG_WARN_RANGE_LOOP_ANALYSIS = YES;
				CLANG_WARN_STRICT_PROTOTYPES = YES;
				CLANG_WARN_SUSPICIOUS_MOVE = YES;
				CLANG_WARN_UNGUARDED_AVAILABILITY = YES_AGGRESSIVE;
				CLANG_WARN_UNREACHABLE_CODE = YES;
				CLANG_WARN__DUPLICATE_METHOD_MATCH = YES;
				COPY_PHASE_STRIP = NO;
				DEBUG_INFORMATION_FORMAT = dwarf;
				ENABLE_STRICT_OBJC_MSGSEND = YES;
				ENABLE_TESTABILITY = YES;
				GCC_C_LANGUAGE_STANDARD = gnu11;
				GCC_DYNAMIC_NO_PIC = NO;
				GCC_NO_COMMON_BLOCKS = YES;
				GCC_OPTIMIZATION_LEVEL = 0;
				GCC_PREPROCESSOR_DEFINITIONS = (
					"DEBUG=1",
					"$(inherited)",
				);
				GCC_WARN_64_TO_32_BIT_CONVERSION = YES;
				GCC_WARN_ABOUT_RETURN_TYPE = YES_ERROR;
				GCC_WARN_UNDECLARED_SELECTOR = YES;
				GCC_WARN_UNINITIALIZED_AUTOS = YES_AGGRESSIVE;
				GCC_WARN_UNUSED_FUNCTION = YES;
				GCC_WARN_UNUSED_VARIABLE = YES;
				IPHONEOS_DEPLOYMENT_TARGET = 15.2;
				MTL_ENABLE_DEBUG_INFO = INCLUDE_SOURCE;
				MTL_FAST_MATH = YES;
				ONLY_ACTIVE_ARCH = YES;
				SDKROOT = iphoneos;
				SWIFT_ACTIVE_COMPILATION_CONDITIONS = DEBUG;
				SWIFT_OPTIMIZATION_LEVEL = "-Onone";
			};
			name = Debug;
		};
		DDC6AEB1282C95FB003E35F2 /* Release */ = {
			isa = XCBuildConfiguration;
			buildSettings = {
				ALWAYS_SEARCH_USER_PATHS = NO;
				CLANG_ANALYZER_NONNULL = YES;
				CLANG_ANALYZER_NUMBER_OBJECT_CONVERSION = YES_AGGRESSIVE;
				CLANG_CXX_LANGUAGE_STANDARD = "gnu++17";
				CLANG_CXX_LIBRARY = "libc++";
				CLANG_ENABLE_MODULES = YES;
				CLANG_ENABLE_OBJC_ARC = YES;
				CLANG_ENABLE_OBJC_WEAK = YES;
				CLANG_WARN_BLOCK_CAPTURE_AUTORELEASING = YES;
				CLANG_WARN_BOOL_CONVERSION = YES;
				CLANG_WARN_COMMA = YES;
				CLANG_WARN_CONSTANT_CONVERSION = YES;
				CLANG_WARN_DEPRECATED_OBJC_IMPLEMENTATIONS = YES;
				CLANG_WARN_DIRECT_OBJC_ISA_USAGE = YES_ERROR;
				CLANG_WARN_DOCUMENTATION_COMMENTS = YES;
				CLANG_WARN_EMPTY_BODY = YES;
				CLANG_WARN_ENUM_CONVERSION = YES;
				CLANG_WARN_INFINITE_RECURSION = YES;
				CLANG_WARN_INT_CONVERSION = YES;
				CLANG_WARN_NON_LITERAL_NULL_CONVERSION = YES;
				CLANG_WARN_OBJC_IMPLICIT_RETAIN_SELF = YES;
				CLANG_WARN_OBJC_LITERAL_CONVERSION = YES;
				CLANG_WARN_OBJC_ROOT_CLASS = YES_ERROR;
				CLANG_WARN_QUOTED_INCLUDE_IN_FRAMEWORK_HEADER = YES;
				CLANG_WARN_RANGE_LOOP_ANALYSIS = YES;
				CLANG_WARN_STRICT_PROTOTYPES = YES;
				CLANG_WARN_SUSPICIOUS_MOVE = YES;
				CLANG_WARN_UNGUARDED_AVAILABILITY = YES_AGGRESSIVE;
				CLANG_WARN_UNREACHABLE_CODE = YES;
				CLANG_WARN__DUPLICATE_METHOD_MATCH = YES;
				COPY_PHASE_STRIP = NO;
				DEBUG_INFORMATION_FORMAT = "dwarf-with-dsym";
				ENABLE_NS_ASSERTIONS = NO;
				ENABLE_STRICT_OBJC_MSGSEND = YES;
				GCC_C_LANGUAGE_STANDARD = gnu11;
				GCC_NO_COMMON_BLOCKS = YES;
				GCC_WARN_64_TO_32_BIT_CONVERSION = YES;
				GCC_WARN_ABOUT_RETURN_TYPE = YES_ERROR;
				GCC_WARN_UNDECLARED_SELECTOR = YES;
				GCC_WARN_UNINITIALIZED_AUTOS = YES_AGGRESSIVE;
				GCC_WARN_UNUSED_FUNCTION = YES;
				GCC_WARN_UNUSED_VARIABLE = YES;
				IPHONEOS_DEPLOYMENT_TARGET = 15.2;
				MTL_ENABLE_DEBUG_INFO = NO;
				MTL_FAST_MATH = YES;
				SDKROOT = iphoneos;
				SWIFT_COMPILATION_MODE = wholemodule;
				SWIFT_OPTIMIZATION_LEVEL = "-O";
				VALIDATE_PRODUCT = YES;
			};
			name = Release;
		};
		DDC6AEB3282C95FB003E35F2 /* Debug */ = {
			isa = XCBuildConfiguration;
			baseConfigurationReference = D823E493D3F71A5D2C876AD2 /* Pods-4th-Seminar-re.debug.xcconfig */;
			buildSettings = {
				ASSETCATALOG_COMPILER_APPICON_NAME = AppIcon;
				ASSETCATALOG_COMPILER_GLOBAL_ACCENT_COLOR_NAME = AccentColor;
				CODE_SIGN_STYLE = Automatic;
				CURRENT_PROJECT_VERSION = 1;
				DEVELOPMENT_TEAM = Z429BM88YZ;
				GENERATE_INFOPLIST_FILE = YES;
				INFOPLIST_FILE = "4th-Seminar-re/Info.plist";
				INFOPLIST_KEY_UIApplicationSupportsIndirectInputEvents = YES;
				INFOPLIST_KEY_UILaunchStoryboardName = LaunchScreen;
				INFOPLIST_KEY_UIMainStoryboardFile = Main;
				INFOPLIST_KEY_UISupportedInterfaceOrientations_iPad = "UIInterfaceOrientationPortrait UIInterfaceOrientationPortraitUpsideDown UIInterfaceOrientationLandscapeLeft UIInterfaceOrientationLandscapeRight";
				INFOPLIST_KEY_UISupportedInterfaceOrientations_iPhone = "UIInterfaceOrientationPortrait UIInterfaceOrientationLandscapeLeft UIInterfaceOrientationLandscapeRight";
				LD_RUNPATH_SEARCH_PATHS = (
					"$(inherited)",
					"@executable_path/Frameworks",
				);
				MARKETING_VERSION = 1.0;
				PRODUCT_BUNDLE_IDENTIFIER = "me.jeongkite.-th-Seminar-re";
				PRODUCT_NAME = "$(TARGET_NAME)";
				SWIFT_EMIT_LOC_STRINGS = YES;
				SWIFT_VERSION = 5.0;
				TARGETED_DEVICE_FAMILY = "1,2";
			};
			name = Debug;
		};
		DDC6AEB4282C95FB003E35F2 /* Release */ = {
			isa = XCBuildConfiguration;
			baseConfigurationReference = 04F0A15B5BA0C705B55FEDE4 /* Pods-4th-Seminar-re.release.xcconfig */;
			buildSettings = {
				ASSETCATALOG_COMPILER_APPICON_NAME = AppIcon;
				ASSETCATALOG_COMPILER_GLOBAL_ACCENT_COLOR_NAME = AccentColor;
				CODE_SIGN_STYLE = Automatic;
				CURRENT_PROJECT_VERSION = 1;
				DEVELOPMENT_TEAM = Z429BM88YZ;
				GENERATE_INFOPLIST_FILE = YES;
				INFOPLIST_FILE = "4th-Seminar-re/Info.plist";
				INFOPLIST_KEY_UIApplicationSupportsIndirectInputEvents = YES;
				INFOPLIST_KEY_UILaunchStoryboardName = LaunchScreen;
				INFOPLIST_KEY_UIMainStoryboardFile = Main;
				INFOPLIST_KEY_UISupportedInterfaceOrientations_iPad = "UIInterfaceOrientationPortrait UIInterfaceOrientationPortraitUpsideDown UIInterfaceOrientationLandscapeLeft UIInterfaceOrientationLandscapeRight";
				INFOPLIST_KEY_UISupportedInterfaceOrientations_iPhone = "UIInterfaceOrientationPortrait UIInterfaceOrientationLandscapeLeft UIInterfaceOrientationLandscapeRight";
				LD_RUNPATH_SEARCH_PATHS = (
					"$(inherited)",
					"@executable_path/Frameworks",
				);
				MARKETING_VERSION = 1.0;
				PRODUCT_BUNDLE_IDENTIFIER = "me.jeongkite.-th-Seminar-re";
				PRODUCT_NAME = "$(TARGET_NAME)";
				SWIFT_EMIT_LOC_STRINGS = YES;
				SWIFT_VERSION = 5.0;
				TARGETED_DEVICE_FAMILY = "1,2";
			};
			name = Release;
		};
/* End XCBuildConfiguration section */

/* Begin XCConfigurationList section */
		DDC6AE99282C95F9003E35F2 /* Build configuration list for PBXProject "4th-Seminar-re" */ = {
			isa = XCConfigurationList;
			buildConfigurations = (
				DDC6AEB0282C95FB003E35F2 /* Debug */,
				DDC6AEB1282C95FB003E35F2 /* Release */,
			);
			defaultConfigurationIsVisible = 0;
			defaultConfigurationName = Release;
		};
		DDC6AEB2282C95FB003E35F2 /* Build configuration list for PBXNativeTarget "4th-Seminar-re" */ = {
			isa = XCConfigurationList;
			buildConfigurations = (
				DDC6AEB3282C95FB003E35F2 /* Debug */,
				DDC6AEB4282C95FB003E35F2 /* Release */,
			);
			defaultConfigurationIsVisible = 0;
			defaultConfigurationName = Release;
		};
/* End XCConfigurationList section */
	};
	rootObject = DDC6AE96282C95F9003E35F2 /* Project object */;
}
