// !$*UTF8*$!
{
	archiveVersion = 1;
	classes = {
	};
	objectVersion = 55;
	objects = {

/* Begin PBXBuildFile section */
		DD4020D7281244EC003FABC6 /* LoginViewController.storyboard in Resources */ = {isa = PBXBuildFile; fileRef = DD4020D6281244EC003FABC6 /* LoginViewController.storyboard */; };
		DD4020D9281244F7003FABC6 /* FirstSignupViewController.storyboard in Resources */ = {isa = PBXBuildFile; fileRef = DD4020D8281244F7003FABC6 /* FirstSignupViewController.storyboard */; };
		DD4020DB28124501003FABC6 /* SecondSignupViewController.storyboard in Resources */ = {isa = PBXBuildFile; fileRef = DD4020DA28124501003FABC6 /* SecondSignupViewController.storyboard */; };
		DD4020DD2812450B003FABC6 /* WelcomeViewController.storyboard in Resources */ = {isa = PBXBuildFile; fileRef = DD4020DC2812450B003FABC6 /* WelcomeViewController.storyboard */; };
		DD4020E028125C00003FABC6 /* MainTabBar.storyboard in Resources */ = {isa = PBXBuildFile; fileRef = DD4020DF28125C00003FABC6 /* MainTabBar.storyboard */; };
		DD4020E228125C3D003FABC6 /* HomeTab.storyboard in Resources */ = {isa = PBXBuildFile; fileRef = DD4020E128125C3D003FABC6 /* HomeTab.storyboard */; };
		DD4020E428125F6D003FABC6 /* FindTab.storyboard in Resources */ = {isa = PBXBuildFile; fileRef = DD4020E328125F6D003FABC6 /* FindTab.storyboard */; };
		DD4020E628126883003FABC6 /* ReelsTab.storyboard in Resources */ = {isa = PBXBuildFile; fileRef = DD4020E528126883003FABC6 /* ReelsTab.storyboard */; };
		DD4020E82812688A003FABC6 /* ShopTab.storyboard in Resources */ = {isa = PBXBuildFile; fileRef = DD4020E72812688A003FABC6 /* ShopTab.storyboard */; };
		DD4020EA281268B1003FABC6 /* UserTab.storyboard in Resources */ = {isa = PBXBuildFile; fileRef = DD4020E9281268B1003FABC6 /* UserTab.storyboard */; };
		DD51776B2802DB9D0039FB86 /* LoginViewController.swift in Sources */ = {isa = PBXBuildFile; fileRef = DD51776A2802DB9D0039FB86 /* LoginViewController.swift */; };
		DD51776D2802DC100039FB86 /* FirstSignupViewController.swift in Sources */ = {isa = PBXBuildFile; fileRef = DD51776C2802DC100039FB86 /* FirstSignupViewController.swift */; };
		DD51776F2802DC300039FB86 /* SecondSignupViewController.swift in Sources */ = {isa = PBXBuildFile; fileRef = DD51776E2802DC300039FB86 /* SecondSignupViewController.swift */; };
		DD5177712802DC460039FB86 /* WelcomeViewController.swift in Sources */ = {isa = PBXBuildFile; fileRef = DD5177702802DC460039FB86 /* WelcomeViewController.swift */; };
		DD94D6C927FFF2000079FB81 /* AppDelegate.swift in Sources */ = {isa = PBXBuildFile; fileRef = DD94D6C827FFF2000079FB81 /* AppDelegate.swift */; };
		DD94D6CB27FFF2000079FB81 /* SceneDelegate.swift in Sources */ = {isa = PBXBuildFile; fileRef = DD94D6CA27FFF2000079FB81 /* SceneDelegate.swift */; };
		DD94D6D027FFF2000079FB81 /* Main.storyboard in Resources */ = {isa = PBXBuildFile; fileRef = DD94D6CE27FFF2000079FB81 /* Main.storyboard */; };
		DD94D6D227FFF2010079FB81 /* Assets.xcassets in Resources */ = {isa = PBXBuildFile; fileRef = DD94D6D127FFF2010079FB81 /* Assets.xcassets */; };
		DD94D6D527FFF2010079FB81 /* LaunchScreen.storyboard in Resources */ = {isa = PBXBuildFile; fileRef = DD94D6D327FFF2010079FB81 /* LaunchScreen.storyboard */; };
		DDB41083282537CE00B4BB65 /* HomeTabViewController.swift in Sources */ = {isa = PBXBuildFile; fileRef = DDB41082282537CE00B4BB65 /* HomeTabViewController.swift */; };
		DDB41086282540CC00B4BB65 /* StoryCollectionViewCell.swift in Sources */ = {isa = PBXBuildFile; fileRef = DDB41084282540CC00B4BB65 /* StoryCollectionViewCell.swift */; };
		DDB41087282540CC00B4BB65 /* StoryCollectionViewCell.xib in Resources */ = {isa = PBXBuildFile; fileRef = DDB41085282540CC00B4BB65 /* StoryCollectionViewCell.xib */; };
		DDB410892825424D00B4BB65 /* StoryDataModel.swift in Sources */ = {isa = PBXBuildFile; fileRef = DDB410882825424D00B4BB65 /* StoryDataModel.swift */; };
/* End PBXBuildFile section */

/* Begin PBXFileReference section */
		DD4020D6281244EC003FABC6 /* LoginViewController.storyboard */ = {isa = PBXFileReference; lastKnownFileType = file.storyboard; path = LoginViewController.storyboard; sourceTree = "<group>"; };
		DD4020D8281244F7003FABC6 /* FirstSignupViewController.storyboard */ = {isa = PBXFileReference; lastKnownFileType = file.storyboard; path = FirstSignupViewController.storyboard; sourceTree = "<group>"; };
		DD4020DA28124501003FABC6 /* SecondSignupViewController.storyboard */ = {isa = PBXFileReference; lastKnownFileType = file.storyboard; path = SecondSignupViewController.storyboard; sourceTree = "<group>"; };
		DD4020DC2812450B003FABC6 /* WelcomeViewController.storyboard */ = {isa = PBXFileReference; lastKnownFileType = file.storyboard; path = WelcomeViewController.storyboard; sourceTree = "<group>"; };
		DD4020DF28125C00003FABC6 /* MainTabBar.storyboard */ = {isa = PBXFileReference; lastKnownFileType = file.storyboard; path = MainTabBar.storyboard; sourceTree = "<group>"; };
		DD4020E128125C3D003FABC6 /* HomeTab.storyboard */ = {isa = PBXFileReference; lastKnownFileType = file.storyboard; path = HomeTab.storyboard; sourceTree = "<group>"; };
		DD4020E328125F6D003FABC6 /* FindTab.storyboard */ = {isa = PBXFileReference; lastKnownFileType = file.storyboard; path = FindTab.storyboard; sourceTree = "<group>"; };
		DD4020E528126883003FABC6 /* ReelsTab.storyboard */ = {isa = PBXFileReference; lastKnownFileType = file.storyboard; path = ReelsTab.storyboard; sourceTree = "<group>"; };
		DD4020E72812688A003FABC6 /* ShopTab.storyboard */ = {isa = PBXFileReference; lastKnownFileType = file.storyboard; path = ShopTab.storyboard; sourceTree = "<group>"; };
		DD4020E9281268B1003FABC6 /* UserTab.storyboard */ = {isa = PBXFileReference; lastKnownFileType = file.storyboard; path = UserTab.storyboard; sourceTree = "<group>"; };
		DD51776A2802DB9D0039FB86 /* LoginViewController.swift */ = {isa = PBXFileReference; lastKnownFileType = sourcecode.swift; path = LoginViewController.swift; sourceTree = "<group>"; };
		DD51776C2802DC100039FB86 /* FirstSignupViewController.swift */ = {isa = PBXFileReference; lastKnownFileType = sourcecode.swift; path = FirstSignupViewController.swift; sourceTree = "<group>"; };
		DD51776E2802DC300039FB86 /* SecondSignupViewController.swift */ = {isa = PBXFileReference; lastKnownFileType = sourcecode.swift; path = SecondSignupViewController.swift; sourceTree = "<group>"; };
		DD5177702802DC460039FB86 /* WelcomeViewController.swift */ = {isa = PBXFileReference; lastKnownFileType = sourcecode.swift; path = WelcomeViewController.swift; sourceTree = "<group>"; };
		DD94D6C527FFF2000079FB81 /* Instagram-CloneCoding.app */ = {isa = PBXFileReference; explicitFileType = wrapper.application; includeInIndex = 0; path = "Instagram-CloneCoding.app"; sourceTree = BUILT_PRODUCTS_DIR; };
		DD94D6C827FFF2000079FB81 /* AppDelegate.swift */ = {isa = PBXFileReference; lastKnownFileType = sourcecode.swift; path = AppDelegate.swift; sourceTree = "<group>"; };
		DD94D6CA27FFF2000079FB81 /* SceneDelegate.swift */ = {isa = PBXFileReference; lastKnownFileType = sourcecode.swift; path = SceneDelegate.swift; sourceTree = "<group>"; };
		DD94D6CF27FFF2000079FB81 /* Base */ = {isa = PBXFileReference; lastKnownFileType = file.storyboard; name = Base; path = Base.lproj/Main.storyboard; sourceTree = "<group>"; };
		DD94D6D127FFF2010079FB81 /* Assets.xcassets */ = {isa = PBXFileReference; lastKnownFileType = folder.assetcatalog; path = Assets.xcassets; sourceTree = "<group>"; };
		DD94D6D427FFF2010079FB81 /* Base */ = {isa = PBXFileReference; lastKnownFileType = file.storyboard; name = Base; path = Base.lproj/LaunchScreen.storyboard; sourceTree = "<group>"; };
		DD94D6D627FFF2010079FB81 /* Info.plist */ = {isa = PBXFileReference; lastKnownFileType = text.plist.xml; path = Info.plist; sourceTree = "<group>"; };
		DDB41082282537CE00B4BB65 /* HomeTabViewController.swift */ = {isa = PBXFileReference; lastKnownFileType = sourcecode.swift; path = HomeTabViewController.swift; sourceTree = "<group>"; };
		DDB41084282540CC00B4BB65 /* StoryCollectionViewCell.swift */ = {isa = PBXFileReference; lastKnownFileType = sourcecode.swift; path = StoryCollectionViewCell.swift; sourceTree = "<group>"; };
		DDB41085282540CC00B4BB65 /* StoryCollectionViewCell.xib */ = {isa = PBXFileReference; lastKnownFileType = file.xib; path = StoryCollectionViewCell.xib; sourceTree = "<group>"; };
		DDB410882825424D00B4BB65 /* StoryDataModel.swift */ = {isa = PBXFileReference; lastKnownFileType = sourcecode.swift; path = StoryDataModel.swift; sourceTree = "<group>"; };
/* End PBXFileReference section */

/* Begin PBXFrameworksBuildPhase section */
		DD94D6C227FFF2000079FB81 /* Frameworks */ = {
			isa = PBXFrameworksBuildPhase;
			buildActionMask = 2147483647;
			files = (
			);
			runOnlyForDeploymentPostprocessing = 0;
		};
/* End PBXFrameworksBuildPhase section */

/* Begin PBXGroup section */
		DD4020D52812442F003FABC6 /* AccountSetup */ = {
			isa = PBXGroup;
			children = (
				DD94D6CE27FFF2000079FB81 /* Main.storyboard */,
				DD51776A2802DB9D0039FB86 /* LoginViewController.swift */,
				DD51776C2802DC100039FB86 /* FirstSignupViewController.swift */,
				DD51776E2802DC300039FB86 /* SecondSignupViewController.swift */,
				DD5177702802DC460039FB86 /* WelcomeViewController.swift */,
				DD4020D6281244EC003FABC6 /* LoginViewController.storyboard */,
				DD4020D8281244F7003FABC6 /* FirstSignupViewController.storyboard */,
				DD4020DA28124501003FABC6 /* SecondSignupViewController.storyboard */,
				DD4020DC2812450B003FABC6 /* WelcomeViewController.storyboard */,
			);
			path = AccountSetup;
			sourceTree = "<group>";
		};
		DD4020DE28125BDA003FABC6 /* MainTabBar */ = {
			isa = PBXGroup;
			children = (
				DD4020DF28125C00003FABC6 /* MainTabBar.storyboard */,
				DD4020E128125C3D003FABC6 /* HomeTab.storyboard */,
				DDB41084282540CC00B4BB65 /* StoryCollectionViewCell.swift */,
				DDB41085282540CC00B4BB65 /* StoryCollectionViewCell.xib */,
				DDB410882825424D00B4BB65 /* StoryDataModel.swift */,
				DDB41082282537CE00B4BB65 /* HomeTabViewController.swift */,
				DD4020E328125F6D003FABC6 /* FindTab.storyboard */,
				DD4020E528126883003FABC6 /* ReelsTab.storyboard */,
				DD4020E72812688A003FABC6 /* ShopTab.storyboard */,
				DD4020E9281268B1003FABC6 /* UserTab.storyboard */,
			);
			path = MainTabBar;
			sourceTree = "<group>";
		};
		DD94D6BC27FFF2000079FB81 = {
			isa = PBXGroup;
			children = (
				DD94D6C727FFF2000079FB81 /* Instagram-CloneCoding */,
				DD94D6C627FFF2000079FB81 /* Products */,
			);
			sourceTree = "<group>";
		};
		DD94D6C627FFF2000079FB81 /* Products */ = {
			isa = PBXGroup;
			children = (
				DD94D6C527FFF2000079FB81 /* Instagram-CloneCoding.app */,
			);
			name = Products;
			sourceTree = "<group>";
		};
		DD94D6C727FFF2000079FB81 /* Instagram-CloneCoding */ = {
			isa = PBXGroup;
			children = (
				DD94D6C827FFF2000079FB81 /* AppDelegate.swift */,
				DD94D6CA27FFF2000079FB81 /* SceneDelegate.swift */,
				DD4020D52812442F003FABC6 /* AccountSetup */,
				DD4020DE28125BDA003FABC6 /* MainTabBar */,
				DD94D6D327FFF2010079FB81 /* LaunchScreen.storyboard */,
				DD94D6D127FFF2010079FB81 /* Assets.xcassets */,
				DD94D6D627FFF2010079FB81 /* Info.plist */,
			);
			path = "Instagram-CloneCoding";
			sourceTree = "<group>";
		};
/* End PBXGroup section */

/* Begin PBXNativeTarget section */
		DD94D6C427FFF2000079FB81 /* Instagram-CloneCoding */ = {
			isa = PBXNativeTarget;
			buildConfigurationList = DD94D6D927FFF2010079FB81 /* Build configuration list for PBXNativeTarget "Instagram-CloneCoding" */;
			buildPhases = (
				DD94D6C127FFF2000079FB81 /* Sources */,
				DD94D6C227FFF2000079FB81 /* Frameworks */,
				DD94D6C327FFF2000079FB81 /* Resources */,
			);
			buildRules = (
			);
			dependencies = (
			);
			name = "Instagram-CloneCoding";
			productName = "Instagram-CloneCoding";
			productReference = DD94D6C527FFF2000079FB81 /* Instagram-CloneCoding.app */;
			productType = "com.apple.product-type.application";
		};
/* End PBXNativeTarget section */

/* Begin PBXProject section */
		DD94D6BD27FFF2000079FB81 /* Project object */ = {
			isa = PBXProject;
			attributes = {
				BuildIndependentTargetsInParallel = 1;
				LastSwiftUpdateCheck = 1320;
				LastUpgradeCheck = 1320;
				TargetAttributes = {
					DD94D6C427FFF2000079FB81 = {
						CreatedOnToolsVersion = 13.2.1;
					};
				};
			};
			buildConfigurationList = DD94D6C027FFF2000079FB81 /* Build configuration list for PBXProject "Instagram-CloneCoding" */;
			compatibilityVersion = "Xcode 13.0";
			developmentRegion = en;
			hasScannedForEncodings = 0;
			knownRegions = (
				en,
				Base,
			);
			mainGroup = DD94D6BC27FFF2000079FB81;
			productRefGroup = DD94D6C627FFF2000079FB81 /* Products */;
			projectDirPath = "";
			projectRoot = "";
			targets = (
				DD94D6C427FFF2000079FB81 /* Instagram-CloneCoding */,
			);
		};
/* End PBXProject section */

/* Begin PBXResourcesBuildPhase section */
		DD94D6C327FFF2000079FB81 /* Resources */ = {
			isa = PBXResourcesBuildPhase;
			buildActionMask = 2147483647;
			files = (
				DD94D6D527FFF2010079FB81 /* LaunchScreen.storyboard in Resources */,
				DD4020DB28124501003FABC6 /* SecondSignupViewController.storyboard in Resources */,
				DD4020EA281268B1003FABC6 /* UserTab.storyboard in Resources */,
				DD4020E82812688A003FABC6 /* ShopTab.storyboard in Resources */,
				DDB41087282540CC00B4BB65 /* StoryCollectionViewCell.xib in Resources */,
				DD4020D7281244EC003FABC6 /* LoginViewController.storyboard in Resources */,
				DD94D6D227FFF2010079FB81 /* Assets.xcassets in Resources */,
				DD94D6D027FFF2000079FB81 /* Main.storyboard in Resources */,
				DD4020E628126883003FABC6 /* ReelsTab.storyboard in Resources */,
				DD4020E428125F6D003FABC6 /* FindTab.storyboard in Resources */,
				DD4020E028125C00003FABC6 /* MainTabBar.storyboard in Resources */,
				DD4020DD2812450B003FABC6 /* WelcomeViewController.storyboard in Resources */,
				DD4020D9281244F7003FABC6 /* FirstSignupViewController.storyboard in Resources */,
				DD4020E228125C3D003FABC6 /* HomeTab.storyboard in Resources */,
			);
			runOnlyForDeploymentPostprocessing = 0;
		};
/* End PBXResourcesBuildPhase section */

/* Begin PBXSourcesBuildPhase section */
		DD94D6C127FFF2000079FB81 /* Sources */ = {
			isa = PBXSourcesBuildPhase;
			buildActionMask = 2147483647;
			files = (
				DDB41086282540CC00B4BB65 /* StoryCollectionViewCell.swift in Sources */,
				DD51776B2802DB9D0039FB86 /* LoginViewController.swift in Sources */,
				DD94D6C927FFF2000079FB81 /* AppDelegate.swift in Sources */,
				DD94D6CB27FFF2000079FB81 /* SceneDelegate.swift in Sources */,
				DDB41083282537CE00B4BB65 /* HomeTabViewController.swift in Sources */,
				DD51776F2802DC300039FB86 /* SecondSignupViewController.swift in Sources */,
				DD51776D2802DC100039FB86 /* FirstSignupViewController.swift in Sources */,
				DD5177712802DC460039FB86 /* WelcomeViewController.swift in Sources */,
				DDB410892825424D00B4BB65 /* StoryDataModel.swift in Sources */,
			);
			runOnlyForDeploymentPostprocessing = 0;
		};
/* End PBXSourcesBuildPhase section */

/* Begin PBXVariantGroup section */
		DD94D6CE27FFF2000079FB81 /* Main.storyboard */ = {
			isa = PBXVariantGroup;
			children = (
				DD94D6CF27FFF2000079FB81 /* Base */,
			);
			name = Main.storyboard;
			sourceTree = "<group>";
		};
		DD94D6D327FFF2010079FB81 /* LaunchScreen.storyboard */ = {
			isa = PBXVariantGroup;
			children = (
				DD94D6D427FFF2010079FB81 /* Base */,
			);
			name = LaunchScreen.storyboard;
			sourceTree = "<group>";
		};
/* End PBXVariantGroup section */

/* Begin XCBuildConfiguration section */
		DD94D6D727FFF2010079FB81 /* Debug */ = {
			isa = XCBuildConfiguration;
			buildSettings = {
				ALWAYS_SEARCH_USER_PATHS = NO;
				CLANG_ANALYZER_NONNULL = YES;
				CLANG_ANALYZER_NUMBER_OBJECT_CONVERSION = YES_AGGRESSIVE;
				CLANG_CXX_LANGUAGE_STANDARD = "gnu++17";
				CLANG_CXX_LIBRARY = "libc++";
				CLANG_ENABLE_MODULES = YES;
				CLANG_ENABLE_OBJC_ARC = YES;
				CLANG_ENABLE_OBJC_WEAK = YES;
				CLANG_WARN_BLOCK_CAPTURE_AUTORELEASING = YES;
				CLANG_WARN_BOOL_CONVERSION = YES;
				CLANG_WARN_COMMA = YES;
				CLANG_WARN_CONSTANT_CONVERSION = YES;
				CLANG_WARN_DEPRECATED_OBJC_IMPLEMENTATIONS = YES;
				CLANG_WARN_DIRECT_OBJC_ISA_USAGE = YES_ERROR;
				CLANG_WARN_DOCUMENTATION_COMMENTS = YES;
				CLANG_WARN_EMPTY_BODY = YES;
				CLANG_WARN_ENUM_CONVERSION = YES;
				CLANG_WARN_INFINITE_RECURSION = YES;
				CLANG_WARN_INT_CONVERSION = YES;
				CLANG_WARN_NON_LITERAL_NULL_CONVERSION = YES;
				CLANG_WARN_OBJC_IMPLICIT_RETAIN_SELF = YES;
				CLANG_WARN_OBJC_LITERAL_CONVERSION = YES;
				CLANG_WARN_OBJC_ROOT_CLASS = YES_ERROR;
				CLANG_WARN_QUOTED_INCLUDE_IN_FRAMEWORK_HEADER = YES;
				CLANG_WARN_RANGE_LOOP_ANALYSIS = YES;
				CLANG_WARN_STRICT_PROTOTYPES = YES;
				CLANG_WARN_SUSPICIOUS_MOVE = YES;
				CLANG_WARN_UNGUARDED_AVAILABILITY = YES_AGGRESSIVE;
				CLANG_WARN_UNREACHABLE_CODE = YES;
				CLANG_WARN__DUPLICATE_METHOD_MATCH = YES;
				COPY_PHASE_STRIP = NO;
				DEBUG_INFORMATION_FORMAT = dwarf;
				ENABLE_STRICT_OBJC_MSGSEND = YES;
				ENABLE_TESTABILITY = YES;
				GCC_C_LANGUAGE_STANDARD = gnu11;
				GCC_DYNAMIC_NO_PIC = NO;
				GCC_NO_COMMON_BLOCKS = YES;
				GCC_OPTIMIZATION_LEVEL = 0;
				GCC_PREPROCESSOR_DEFINITIONS = (
					"DEBUG=1",
					"$(inherited)",
				);
				GCC_WARN_64_TO_32_BIT_CONVERSION = YES;
				GCC_WARN_ABOUT_RETURN_TYPE = YES_ERROR;
				GCC_WARN_UNDECLARED_SELECTOR = YES;
				GCC_WARN_UNINITIALIZED_AUTOS = YES_AGGRESSIVE;
				GCC_WARN_UNUSED_FUNCTION = YES;
				GCC_WARN_UNUSED_VARIABLE = YES;
				IPHONEOS_DEPLOYMENT_TARGET = 15.2;
				MTL_ENABLE_DEBUG_INFO = INCLUDE_SOURCE;
				MTL_FAST_MATH = YES;
				ONLY_ACTIVE_ARCH = YES;
				SDKROOT = iphoneos;
				SWIFT_ACTIVE_COMPILATION_CONDITIONS = DEBUG;
				SWIFT_OPTIMIZATION_LEVEL = "-Onone";
			};
			name = Debug;
		};
		DD94D6D827FFF2010079FB81 /* Release */ = {
			isa = XCBuildConfiguration;
			buildSettings = {
				ALWAYS_SEARCH_USER_PATHS = NO;
				CLANG_ANALYZER_NONNULL = YES;
				CLANG_ANALYZER_NUMBER_OBJECT_CONVERSION = YES_AGGRESSIVE;
				CLANG_CXX_LANGUAGE_STANDARD = "gnu++17";
				CLANG_CXX_LIBRARY = "libc++";
				CLANG_ENABLE_MODULES = YES;
				CLANG_ENABLE_OBJC_ARC = YES;
				CLANG_ENABLE_OBJC_WEAK = YES;
				CLANG_WARN_BLOCK_CAPTURE_AUTORELEASING = YES;
				CLANG_WARN_BOOL_CONVERSION = YES;
				CLANG_WARN_COMMA = YES;
				CLANG_WARN_CONSTANT_CONVERSION = YES;
				CLANG_WARN_DEPRECATED_OBJC_IMPLEMENTATIONS = YES;
				CLANG_WARN_DIRECT_OBJC_ISA_USAGE = YES_ERROR;
				CLANG_WARN_DOCUMENTATION_COMMENTS = YES;
				CLANG_WARN_EMPTY_BODY = YES;
				CLANG_WARN_ENUM_CONVERSION = YES;
				CLANG_WARN_INFINITE_RECURSION = YES;
				CLANG_WARN_INT_CONVERSION = YES;
				CLANG_WARN_NON_LITERAL_NULL_CONVERSION = YES;
				CLANG_WARN_OBJC_IMPLICIT_RETAIN_SELF = YES;
				CLANG_WARN_OBJC_LITERAL_CONVERSION = YES;
				CLANG_WARN_OBJC_ROOT_CLASS = YES_ERROR;
				CLANG_WARN_QUOTED_INCLUDE_IN_FRAMEWORK_HEADER = YES;
				CLANG_WARN_RANGE_LOOP_ANALYSIS = YES;
				CLANG_WARN_STRICT_PROTOTYPES = YES;
				CLANG_WARN_SUSPICIOUS_MOVE = YES;
				CLANG_WARN_UNGUARDED_AVAILABILITY = YES_AGGRESSIVE;
				CLANG_WARN_UNREACHABLE_CODE = YES;
				CLANG_WARN__DUPLICATE_METHOD_MATCH = YES;
				COPY_PHASE_STRIP = NO;
				DEBUG_INFORMATION_FORMAT = "dwarf-with-dsym";
				ENABLE_NS_ASSERTIONS = NO;
				ENABLE_STRICT_OBJC_MSGSEND = YES;
				GCC_C_LANGUAGE_STANDARD = gnu11;
				GCC_NO_COMMON_BLOCKS = YES;
				GCC_WARN_64_TO_32_BIT_CONVERSION = YES;
				GCC_WARN_ABOUT_RETURN_TYPE = YES_ERROR;
				GCC_WARN_UNDECLARED_SELECTOR = YES;
				GCC_WARN_UNINITIALIZED_AUTOS = YES_AGGRESSIVE;
				GCC_WARN_UNUSED_FUNCTION = YES;
				GCC_WARN_UNUSED_VARIABLE = YES;
				IPHONEOS_DEPLOYMENT_TARGET = 15.2;
				MTL_ENABLE_DEBUG_INFO = NO;
				MTL_FAST_MATH = YES;
				SDKROOT = iphoneos;
				SWIFT_COMPILATION_MODE = wholemodule;
				SWIFT_OPTIMIZATION_LEVEL = "-O";
				VALIDATE_PRODUCT = YES;
			};
			name = Release;
		};
		DD94D6DA27FFF2010079FB81 /* Debug */ = {
			isa = XCBuildConfiguration;
			buildSettings = {
				ASSETCATALOG_COMPILER_APPICON_NAME = AppIcon;
				ASSETCATALOG_COMPILER_GLOBAL_ACCENT_COLOR_NAME = AccentColor;
				CODE_SIGN_STYLE = Automatic;
				CURRENT_PROJECT_VERSION = 1;
				DEVELOPMENT_TEAM = Z429BM88YZ;
				GENERATE_INFOPLIST_FILE = YES;
				INFOPLIST_FILE = "Instagram-CloneCoding/Info.plist";
				INFOPLIST_KEY_UIApplicationSupportsIndirectInputEvents = YES;
				INFOPLIST_KEY_UILaunchStoryboardName = LaunchScreen;
				INFOPLIST_KEY_UIMainStoryboardFile = Main;
				INFOPLIST_KEY_UISupportedInterfaceOrientations_iPad = "UIInterfaceOrientationPortrait UIInterfaceOrientationPortraitUpsideDown UIInterfaceOrientationLandscapeLeft UIInterfaceOrientationLandscapeRight";
				INFOPLIST_KEY_UISupportedInterfaceOrientations_iPhone = "UIInterfaceOrientationPortrait UIInterfaceOrientationLandscapeLeft UIInterfaceOrientationLandscapeRight";
				LD_RUNPATH_SEARCH_PATHS = (
					"$(inherited)",
					"@executable_path/Frameworks",
				);
				MARKETING_VERSION = 1.0;
				PRODUCT_BUNDLE_IDENTIFIER = "me.jeongkite.Instagram-CloneCoding";
				PRODUCT_NAME = "$(TARGET_NAME)";
				SWIFT_EMIT_LOC_STRINGS = YES;
				SWIFT_VERSION = 5.0;
				TARGETED_DEVICE_FAMILY = "1,2";
			};
			name = Debug;
		};
		DD94D6DB27FFF2010079FB81 /* Release */ = {
			isa = XCBuildConfiguration;
			buildSettings = {
				ASSETCATALOG_COMPILER_APPICON_NAME = AppIcon;
				ASSETCATALOG_COMPILER_GLOBAL_ACCENT_COLOR_NAME = AccentColor;
				CODE_SIGN_STYLE = Automatic;
				CURRENT_PROJECT_VERSION = 1;
				DEVELOPMENT_TEAM = Z429BM88YZ;
				GENERATE_INFOPLIST_FILE = YES;
				INFOPLIST_FILE = "Instagram-CloneCoding/Info.plist";
				INFOPLIST_KEY_UIApplicationSupportsIndirectInputEvents = YES;
				INFOPLIST_KEY_UILaunchStoryboardName = LaunchScreen;
				INFOPLIST_KEY_UIMainStoryboardFile = Main;
				INFOPLIST_KEY_UISupportedInterfaceOrientations_iPad = "UIInterfaceOrientationPortrait UIInterfaceOrientationPortraitUpsideDown UIInterfaceOrientationLandscapeLeft UIInterfaceOrientationLandscapeRight";
				INFOPLIST_KEY_UISupportedInterfaceOrientations_iPhone = "UIInterfaceOrientationPortrait UIInterfaceOrientationLandscapeLeft UIInterfaceOrientationLandscapeRight";
				LD_RUNPATH_SEARCH_PATHS = (
					"$(inherited)",
					"@executable_path/Frameworks",
				);
				MARKETING_VERSION = 1.0;
				PRODUCT_BUNDLE_IDENTIFIER = "me.jeongkite.Instagram-CloneCoding";
				PRODUCT_NAME = "$(TARGET_NAME)";
				SWIFT_EMIT_LOC_STRINGS = YES;
				SWIFT_VERSION = 5.0;
				TARGETED_DEVICE_FAMILY = "1,2";
			};
			name = Release;
		};
/* End XCBuildConfiguration section */

/* Begin XCConfigurationList section */
		DD94D6C027FFF2000079FB81 /* Build configuration list for PBXProject "Instagram-CloneCoding" */ = {
			isa = XCConfigurationList;
			buildConfigurations = (
				DD94D6D727FFF2010079FB81 /* Debug */,
				DD94D6D827FFF2010079FB81 /* Release */,
			);
			defaultConfigurationIsVisible = 0;
			defaultConfigurationName = Release;
		};
		DD94D6D927FFF2010079FB81 /* Build configuration list for PBXNativeTarget "Instagram-CloneCoding" */ = {
			isa = XCConfigurationList;
			buildConfigurations = (
				DD94D6DA27FFF2010079FB81 /* Debug */,
				DD94D6DB27FFF2010079FB81 /* Release */,
			);
			defaultConfigurationIsVisible = 0;
			defaultConfigurationName = Release;
		};
/* End XCConfigurationList section */
	};
	rootObject = DD94D6BD27FFF2000079FB81 /* Project object */;
}
